
Microsoft Visual Studio Solution File, Format Version 12.00
# Visual Studio Version 17
VisualStudioVersion = 17.2.32630.192
MinimumVisualStudioVersion = 10.0.40219.1
Project("{2150E333-8FDC-42A3-9474-1A3956D46DE8}") = "src", "src", "{9C6A2129-4EBB-44E8-B983-4E76DF912648}"
EndProject
Project("{9A19103F-16F7-4668-BE54-9A1E7A4F7556}") = "TOPRO.HSL", "Topro.Hsl\TOPRO.HSL.csproj", "{C2CA6142-0BDC-44B3-81DD-A656E9311920}"
EndProject
Project("{9A19103F-16F7-4668-BE54-9A1E7A4F7556}") = "TOPRO.PLC", "TOPRO.PLC\TOPRO.PLC.csproj", "{96006AC6-C04E-4C26-8A67-AB34AEDF095B}"
EndProject
Project("{2150E333-8FDC-42A3-9474-1A3956D46DE8}") = "test", "test", "{FF49FC29-6D74-40E4-A814-131C4484779C}"
EndProject
Project("{9A19103F-16F7-4668-BE54-9A1E7A4F7556}") = "TOPRO.Test", "TOPRO.Test\TOPRO.Test.csproj", "{60965303-D3B3-4A26-BD80-894359911CEB}"
EndProject
Project("{2150E333-8FDC-42A3-9474-1A3956D46DE8}") = "build", "build", "{D3FB9353-25A7-4DFC-AD3E-C5FE9E0F1F6B}"
	ProjectSection(SolutionItems) = preProject
		README.md = README.md
	EndProjectSection
EndProject
Global
	GlobalSection(SolutionConfigurationPlatforms) = preSolution
		Debug|Any CPU = Debug|Any CPU
		Release|Any CPU = Release|Any CPU
	EndGlobalSection
	GlobalSection(ProjectConfigurationPlatforms) = postSolution
		{C2CA6142-0BDC-44B3-81DD-A656E9311920}.Debug|Any CPU.ActiveCfg = Debug|Any CPU
		{C2CA6142-0BDC-44B3-81DD-A656E9311920}.Debug|Any CPU.Build.0 = Debug|Any CPU
		{C2CA6142-0BDC-44B3-81DD-A656E9311920}.Release|Any CPU.ActiveCfg = Release|Any CPU
		{C2CA6142-0BDC-44B3-81DD-A656E9311920}.Release|Any CPU.Build.0 = Release|Any CPU
		{96006AC6-C04E-4C26-8A67-AB34AEDF095B}.Debug|Any CPU.ActiveCfg = Debug|Any CPU
		{96006AC6-C04E-4C26-8A67-AB34AEDF095B}.Debug|Any CPU.Build.0 = Debug|Any CPU
		{96006AC6-C04E-4C26-8A67-AB34AEDF095B}.Release|Any CPU.ActiveCfg = Release|Any CPU
		{96006AC6-C04E-4C26-8A67-AB34AEDF095B}.Release|Any CPU.Build.0 = Release|Any CPU
		{60965303-D3B3-4A26-BD80-894359911CEB}.Debug|Any CPU.ActiveCfg = Debug|Any CPU
		{60965303-D3B3-4A26-BD80-894359911CEB}.Debug|Any CPU.Build.0 = Debug|Any CPU
		{60965303-D3B3-4A26-BD80-894359911CEB}.Release|Any CPU.ActiveCfg = Release|Any CPU
		{60965303-D3B3-4A26-BD80-894359911CEB}.Release|Any CPU.Build.0 = Release|Any CPU
	EndGlobalSection
	GlobalSection(SolutionProperties) = preSolution
		HideSolutionNode = FALSE
	EndGlobalSection
	GlobalSection(NestedProjects) = preSolution
		{C2CA6142-0BDC-44B3-81DD-A656E9311920} = {9C6A2129-4EBB-44E8-B983-4E76DF912648}
		{96006AC6-C04E-4C26-8A67-AB34AEDF095B} = {9C6A2129-4EBB-44E8-B983-4E76DF912648}
		{60965303-D3B3-4A26-BD80-894359911CEB} = {FF49FC29-6D74-40E4-A814-131C4484779C}
	EndGlobalSection
	GlobalSection(ExtensibilityGlobals) = postSolution
		SolutionGuid = {ECF517CD-FF89-4611-A2F7-AB7771FCC542}
	EndGlobalSection
EndGlobal
